# THIS IS AN AUTOGENERATED FILE. DO NOT EDIT THIS FILE DIRECTLY.
# yarn lockfile v1


ckeditor@=4.7.1:
  version "4.7.1"
  resolved "https://registry.yarnpkg.com/ckeditor/-/ckeditor-4.7.1.tgz#9cfe03b7504049bcda839758d836e95bfc3a3598"

codemirror@=5.27.4:
  version "5.27.4"
  resolved "https://registry.yarnpkg.com/codemirror/-/codemirror-5.27.4.tgz#0e817c839bfea9959dd16cd48ae14acc0e43c3b6"

jquery-jcrop@=0.9.13:
  version "0.9.13"
  resolved "https://registry.yarnpkg.com/jquery-jcrop/-/jquery-jcrop-0.9.13.tgz#cda8c9557fffc56540008cc7b6291a0ec4071bf5"

requirejs@=2.3.4:
  version "2.3.4"
  resolved "https://registry.yarnpkg.com/requirejs/-/requirejs-2.3.4.tgz#f45c48e66ebf0f163da57f6e0cf40fd57996ef50"
